
Microsoft Visual Studio Solution File, Format Version 11.00
# Visual Studio 2010
Project("{F184B08F-C81C-45F6-A57F-5ABD9991F28F}") = "BMICalc", "BMICalc\BMICalc.vbproj", "{B88F8C5C-1121-4D47-8181-432DE033F660}"
EndProject
Global
	GlobalSection(SolutionConfigurationPlatforms) = preSolution
		Debug|x86 = Debug|x86
		Release|x86 = Release|x86
	EndGlobalSection
	GlobalSection(ProjectConfigurationPlatforms) = postSolution
		{B88F8C5C-1121-4D47-8181-432DE033F660}.Debug|x86.ActiveCfg = Debug|x86
		{B88F8C5C-1121-4D47-8181-432DE033F660}.Debug|x86.Build.0 = Debug|x86
		{B88F8C5C-1121-4D47-8181-432DE033F660}.Release|x86.ActiveCfg = Release|x86
		{B88F8C5C-1121-4D47-8181-432DE033F660}.Release|x86.Build.0 = Release|x86
	EndGlobalSection
	GlobalSection(SolutionProperties) = preSolution
		HideSolutionNode = FALSE
	EndGlobalSection
EndGlobal
